
Microsoft Visual Studio Solution File, Format Version 12.00
# Visual Studio Version 16
VisualStudioVersion = 16.0.29905.134
MinimumVisualStudioVersion = 10.0.40219.1
Project("{FAE04EC0-301F-11D3-BF4B-00C04F79EFBC}") = "DBBACKUP", "DBBACKUP\DBBACKUP.csproj", "{674BAC5A-C7BC-4F4E-A559-9643BE827CDA}"
EndProject
Project("{2150E333-8FDC-42A3-9474-1A3956D46DE8}") = "Solution Items", "Solution Items", "{6A434FFE-2A13-4C30-BC37-56A020493F7C}"
	ProjectSection(SolutionItems) = preProject
		.editorconfig = .editorconfig
		aes_encryption.cs = aes_encryption.cs
	EndProjectSection
EndProject
Global
	GlobalSection(SolutionConfigurationPlatforms) = preSolution
		Debug|Any CPU = Debug|Any CPU
		Release|Any CPU = Release|Any CPU
	EndGlobalSection
	GlobalSection(ProjectConfigurationPlatforms) = postSolution
		{674BAC5A-C7BC-4F4E-A559-9643BE827CDA}.Debug|Any CPU.ActiveCfg = Debug|Any CPU
		{674BAC5A-C7BC-4F4E-A559-9643BE827CDA}.Debug|Any CPU.Build.0 = Debug|Any CPU
		{674BAC5A-C7BC-4F4E-A559-9643BE827CDA}.Release|Any CPU.ActiveCfg = Release|Any CPU
		{674BAC5A-C7BC-4F4E-A559-9643BE827CDA}.Release|Any CPU.Build.0 = Release|Any CPU
	EndGlobalSection
	GlobalSection(SolutionProperties) = preSolution
		HideSolutionNode = FALSE
	EndGlobalSection
	GlobalSection(ExtensibilityGlobals) = postSolution
		SolutionGuid = {70C1B483-B255-4697-8AF8-8D2872E14156}
	EndGlobalSection
EndGlobal
